// !$*UTF8*$!
{
	archiveVersion = 1;
	classes = {
	};
	objectVersion = 77;
	objects = {

/* Begin PBXBuildFile section */
		6FE672262E93237900645D24 /* GooglePlacesSwift in Frameworks */ = {isa = PBXBuildFile; productRef = 6FE672252E93237900645D24 /* GooglePlacesSwift */; };
/* End PBXBuildFile section */

/* Begin PBXContainerItemProxy section */
		6F3C58C12E81A60300D362D9 /* PBXContainerItemProxy */ = {
			isa = PBXContainerItemProxy;
			containerPortal = 6F3C58A72E81A60100D362D9 /* Project object */;
			proxyType = 1;
			remoteGlobalIDString = 6F3C58AE2E81A60100D362D9;
			remoteInfo = Prixio;
		};
		6F3C58CB2E81A60300D362D9 /* PBXContainerItemProxy */ = {
			isa = PBXContainerItemProxy;
			containerPortal = 6F3C58A72E81A60100D362D9 /* Project object */;
			proxyType = 1;
			remoteGlobalIDString = 6F3C58AE2E81A60100D362D9;
			remoteInfo = Prixio;
		};
/* End PBXContainerItemProxy section */

/* Begin PBXFileReference section */
		6F3C58AF2E81A60100D362D9 /* Prixio.app */ = {isa = PBXFileReference; explicitFileType = wrapper.application; includeInIndex = 0; path = Prixio.app; sourceTree = BUILT_PRODUCTS_DIR; };
		6F3C58C02E81A60300D362D9 /* PrixioTests.xctest */ = {isa = PBXFileReference; explicitFileType = wrapper.cfbundle; includeInIndex = 0; path = PrixioTests.xctest; sourceTree = BUILT_PRODUCTS_DIR; };
		6F3C58CA2E81A60300D362D9 /* PrixioUITests.xctest */ = {isa = PBXFileReference; explicitFileType = wrapper.cfbundle; includeInIndex = 0; path = PrixioUITests.xctest; sourceTree = BUILT_PRODUCTS_DIR; };
		6F9124E02FEC12050000D0D8 /* LocalSecrets.example.xcconfig */ = {isa = PBXFileReference; lastKnownFileType = text.xcconfig; path = LocalSecrets.example.xcconfig; sourceTree = "<group>"; };
/* End PBXFileReference section */

/* Begin PBXFileSystemSynchronizedBuildFileExceptionSet section */
		6F3C58D22E81A60300D362D9 /* Exceptions for "Prixio" folder in "Prixio" target */ = {
			isa = PBXFileSystemSynchronizedBuildFileExceptionSet;
			membershipExceptions = (
				Info.plist,
			);
			target = 6F3C58AE2E81A60100D362D9 /* Prixio */;
		};
/* End PBXFileSystemSynchronizedBuildFileExceptionSet section */

/* Begin PBXFileSystemSynchronizedRootGroup section */
		6F3C58B12E81A60100D362D9 /* Prixio */ = {
			isa = PBXFileSystemSynchronizedRootGroup;
			exceptions = (
				6F3C58D22E81A60300D362D9 /* Exceptions for "Prixio" folder in "Prixio" target */,
			);
			path = Prixio;
			sourceTree = "<group>";
		};
		6F3C58C32E81A60300D362D9 /* PrixioTests */ = {
			isa = PBXFileSystemSynchronizedRootGroup;
			path = PrixioTests;
			sourceTree = "<group>";
		};
		6F3C58CD2E81A60300D362D9 /* PrixioUITests */ = {
			isa = PBXFileSystemSynchronizedRootGroup;
			path = PrixioUITests;
			sourceTree = "<group>";
		};
/* End PBXFileSystemSynchronizedRootGroup section */

/* Begin PBXFrameworksBuildPhase section */
		6F3C58AC2E81A60100D362D9 /* Frameworks */ = {
			isa = PBXFrameworksBuildPhase;
			buildActionMask = 2147483647;
			files = (
				6FE672262E93237900645D24 /* GooglePlacesSwift in Frameworks */,
			);
			runOnlyForDeploymentPostprocessing = 0;
		};
		6F3C58BD2E81A60300D362D9 /* Frameworks */ = {
			isa = PBXFrameworksBuildPhase;
			buildActionMask = 2147483647;
			files = (
			);
			runOnlyForDeploymentPostprocessing = 0;
		};
		6F3C58C72E81A60300D362D9 /* Frameworks */ = {
			isa = PBXFrameworksBuildPhase;
			buildActionMask = 2147483647;
			files = (
			);
			runOnlyForDeploymentPostprocessing = 0;
		};
/* End PBXFrameworksBuildPhase section */

/* Begin PBXGroup section */
		6F3C58A62E81A60100D362D9 = {
			isa = PBXGroup;
			children = (
				6F3C58B12E81A60100D362D9 /* Prixio */,
				6F3C58C32E81A60300D362D9 /* PrixioTests */,
				6F3C58CD2E81A60300D362D9 /* PrixioUITests */,
				6F3C58B02E81A60100D362D9 /* Products */,
				6FDA1CEA2F870872001C2395 /* Compare */,
				6FDA1CFC2F870A17001C2395 /* Shopping */,
				6F9124DF2FEC12010000D0D8 /* Config */,
			);
			sourceTree = "<group>";
		};
		6F3C58B02E81A60100D362D9 /* Products */ = {
			isa = PBXGroup;
			children = (
				6F3C58AF2E81A60100D362D9 /* Prixio.app */,
				6F3C58C02E81A60300D362D9 /* PrixioTests.xctest */,
				6F3C58CA2E81A60300D362D9 /* PrixioUITests.xctest */,
			);
			name = Products;
			sourceTree = "<group>";
		};
		6F9124DF2FEC12010000D0D8 /* Config */ = {
			isa = PBXGroup;
			children = (
				6F9124E02FEC12050000D0D8 /* LocalSecrets.example.xcconfig */,
			);
			path = Config;
			sourceTree = "<group>";
		};
		6FDA1CEA2F870872001C2395 /* Compare */ = {
			isa = PBXGroup;
			children = (
			);
			path = Compare;
			sourceTree = "<group>";
		};
		6FDA1CFC2F870A17001C2395 /* Shopping */ = {
			isa = PBXGroup;
			children = (
			);
			path = Shopping;
			sourceTree = "<group>";
		};
/* End PBXGroup section */

/* Begin PBXNativeTarget section */
		6F3C58AE2E81A60100D362D9 /* Prixio */ = {
			isa = PBXNativeTarget;
			buildConfigurationList = 6F3C58D32E81A60300D362D9 /* Build configuration list for PBXNativeTarget "Prixio" */;
			buildPhases = (
				6F3C58AB2E81A60100D362D9 /* Sources */,
				6F3C58AC2E81A60100D362D9 /* Frameworks */,
				6F3C58AD2E81A60100D362D9 /* Resources */,
			);
			buildRules = (
			);
			dependencies = (
			);
			fileSystemSynchronizedGroups = (
				6F3C58B12E81A60100D362D9 /* Prixio */,
			);
			name = Prixio;
			packageProductDependencies = (
				6FE672252E93237900645D24 /* GooglePlacesSwift */,
			);
			productName = Prixio;
			productReference = 6F3C58AF2E81A60100D362D9 /* Prixio.app */;
			productType = "com.apple.product-type.application";
		};
		6F3C58BF2E81A60300D362D9 /* PrixioTests */ = {
			isa = PBXNativeTarget;
			buildConfigurationList = 6F3C58D82E81A60300D362D9 /* Build configuration list for PBXNativeTarget "PrixioTests" */;
			buildPhases = (
				6F3C58BC2E81A60300D362D9 /* Sources */,
				6F3C58BD2E81A60300D362D9 /* Frameworks */,
				6F3C58BE2E81A60300D362D9 /* Resources */,
			);
			buildRules = (
			);
			dependencies = (
				6F3C58C22E81A60300D362D9 /* PBXTargetDependency */,
			);
			fileSystemSynchronizedGroups = (
				6F3C58C32E81A60300D362D9 /* PrixioTests */,
			);
			name = PrixioTests;
			packageProductDependencies = (
			);
			productName = PrixioTests;
			productReference = 6F3C58C02E81A60300D362D9 /* PrixioTests.xctest */;
			productType = "com.apple.product-type.bundle.unit-test";
		};
		6F3C58C92E81A60300D362D9 /* PrixioUITests */ = {
			isa = PBXNativeTarget;
			buildConfigurationList = 6F3C58DB2E81A60300D362D9 /* Build configuration list for PBXNativeTarget "PrixioUITests" */;
			buildPhases = (
				6F3C58C62E81A60300D362D9 /* Sources */,
				6F3C58C72E81A60300D362D9 /* Frameworks */,
				6F3C58C82E81A60300D362D9 /* Resources */,
			);
			buildRules = (
			);
			dependencies = (
				6F3C58CC2E81A60300D362D9 /* PBXTargetDependency */,
			);
			fileSystemSynchronizedGroups = (
				6F3C58CD2E81A60300D362D9 /* PrixioUITests */,
			);
			name = PrixioUITests;
			packageProductDependencies = (
			);
			productName = PrixioUITests;
			productReference = 6F3C58CA2E81A60300D362D9 /* PrixioUITests.xctest */;
			productType = "com.apple.product-type.bundle.ui-testing";
		};
/* End PBXNativeTarget section */

/* Begin PBXProject section */
		6F3C58A72E81A60100D362D9 /* Project object */ = {
			isa = PBXProject;
			attributes = {
				BuildIndependentTargetsInParallel = 1;
				LastSwiftUpdateCheck = 2600;
				LastUpgradeCheck = 2600;
				TargetAttributes = {
					6F3C58AE2E81A60100D362D9 = {
						CreatedOnToolsVersion = 26.0;
					};
					6F3C58BF2E81A60300D362D9 = {
						CreatedOnToolsVersion = 26.0;
						TestTargetID = 6F3C58AE2E81A60100D362D9;
					};
					6F3C58C92E81A60300D362D9 = {
						CreatedOnToolsVersion = 26.0;
						TestTargetID = 6F3C58AE2E81A60100D362D9;
					};
				};
			};
			buildConfigurationList = 6F3C58AA2E81A60100D362D9 /* Build configuration list for PBXProject "Prixio" */;
			developmentRegion = en;
			hasScannedForEncodings = 0;
			knownRegions = (
				en,
				Base,
			);
			mainGroup = 6F3C58A62E81A60100D362D9;
			minimizedProjectReferenceProxies = 1;
			packageReferences = (
				6FE672242E93237900645D24 /* XCRemoteSwiftPackageReference "ios-places-sdk" */,
			);
			preferredProjectObjectVersion = 77;
			productRefGroup = 6F3C58B02E81A60100D362D9 /* Products */;
			projectDirPath = "";
			projectRoot = "";
			targets = (
				6F3C58AE2E81A60100D362D9 /* Prixio */,
				6F3C58BF2E81A60300D362D9 /* PrixioTests */,
				6F3C58C92E81A60300D362D9 /* PrixioUITests */,
			);
		};
/* End PBXProject section */

/* Begin PBXResourcesBuildPhase section */
		6F3C58AD2E81A60100D362D9 /* Resources */ = {
			isa = PBXResourcesBuildPhase;
			buildActionMask = 2147483647;
			files = (
			);
			runOnlyForDeploymentPostprocessing = 0;
		};
		6F3C58BE2E81A60300D362D9 /* Resources */ = {
			isa = PBXResourcesBuildPhase;
			buildActionMask = 2147483647;
			files = (
			);
			runOnlyForDeploymentPostprocessing = 0;
		};
		6F3C58C82E81A60300D362D9 /* Resources */ = {
			isa = PBXResourcesBuildPhase;
			buildActionMask = 2147483647;
			files = (
			);
			runOnlyForDeploymentPostprocessing = 0;
		};
/* End PBXResourcesBuildPhase section */

/* Begin PBXSourcesBuildPhase section */
		6F3C58AB2E81A60100D362D9 /* Sources */ = {
			isa = PBXSourcesBuildPhase;
			buildActionMask = 2147483647;
			files = (
			);
			runOnlyForDeploymentPostprocessing = 0;
		};
		6F3C58BC2E81A60300D362D9 /* Sources */ = {
			isa = PBXSourcesBuildPhase;
			buildActionMask = 2147483647;
			files = (
			);
			runOnlyForDeploymentPostprocessing = 0;
		};
		6F3C58C62E81A60300D362D9 /* Sources */ = {
			isa = PBXSourcesBuildPhase;
			buildActionMask = 2147483647;
			files = (
			);
			runOnlyForDeploymentPostprocessing = 0;
		};
/* End PBXSourcesBuildPhase section */

/* Begin PBXTargetDependency section */
		6F3C58C22E81A60300D362D9 /* PBXTargetDependency */ = {
			isa = PBXTargetDependency;
			target = 6F3C58AE2E81A60100D362D9 /* Prixio */;
			targetProxy = 6F3C58C12E81A60300D362D9 /* PBXContainerItemProxy */;
		};
		6F3C58CC2E81A60300D362D9 /* PBXTargetDependency */ = {
			isa = PBXTargetDependency;
			target = 6F3C58AE2E81A60100D362D9 /* Prixio */;
			targetProxy = 6F3C58CB2E81A60300D362D9 /* PBXContainerItemProxy */;
		};
/* End PBXTargetDependency section */

/* Begin XCBuildConfiguration section */
		6F3C58D42E81A60300D362D9 /* Debug */ = {
			isa = XCBuildConfiguration;
			buildSettings = {
				ASSETCATALOG_COMPILER_APPICON_NAME = AppIcon;
				ASSETCATALOG_COMPILER_GLOBAL_ACCENT_COLOR_NAME = AccentColor;
				CODE_SIGN_ENTITLEMENTS = Prixio/Prixio.entitlements;
				CODE_SIGN_STYLE = Automatic;
				CURRENT_PROJECT_VERSION = 1;
				DEVELOPMENT_TEAM = U4R9TJ5FN4;
				ENABLE_PREVIEWS = YES;
				GENERATE_INFOPLIST_FILE = YES;
				INFOPLIST_FILE = Prixio/Info.plist;
				INFOPLIST_KEY_LSApplicationCategoryType = "";
				INFOPLIST_KEY_NSCameraUsageDescription = "Prixio uses the camera to capture price tags for OCR and price logging.";
				INFOPLIST_KEY_NSLocationAlwaysAndWhenInUseUsageDescription = "To Know where the items are";
				INFOPLIST_KEY_NSLocationWhenInUseUsageDescription = "Prixio uses your location to suggest nearby grocery stores while scanning.";
				INFOPLIST_KEY_NSPhotoLibraryAddUsageDescription = "Prixio can save a scanned price-tag photo to your library so you can reference it later.";
				INFOPLIST_KEY_NSPhotoLibraryUsageDescription = "Prixio can import a photo if the camera is unavailable or you want to scan an existing image.";
				INFOPLIST_KEY_UIApplicationSceneManifest_Generation = YES;
				INFOPLIST_KEY_UIApplicationSupportsIndirectInputEvents = YES;
				INFOPLIST_KEY_UILaunchScreen_Generation = YES;
				INFOPLIST_KEY_UISupportedInterfaceOrientations_iPad = "UIInterfaceOrientationPortrait UIInterfaceOrientationPortraitUpsideDown UIInterfaceOrientationLandscapeLeft UIInterfaceOrientationLandscapeRight";
				INFOPLIST_KEY_UISupportedInterfaceOrientations_iPhone = "UIInterfaceOrientationPortrait UIInterfaceOrientationLandscapeLeft UIInterfaceOrientationLandscapeRight";
				IPHONEOS_DEPLOYMENT_TARGET = 27.0;
				LD_RUNPATH_SEARCH_PATHS = (
					"$(inherited)",
					"@executable_path/Frameworks",
				);
				MARKETING_VERSION = 1.0;
				PRODUCT_BUNDLE_IDENTIFIER = com.pricelabel.checked.Prixio;
				PRODUCT_NAME = "$(TARGET_NAME)";
				STRING_CATALOG_GENERATE_SYMBOLS = YES;
				SWIFT_APPROACHABLE_CONCURRENCY = YES;
				SWIFT_DEFAULT_ACTOR_ISOLATION = MainActor;
				SWIFT_EMIT_LOC_STRINGS = YES;
				SWIFT_UPCOMING_FEATURE_MEMBER_IMPORT_VISIBILITY = YES;
				SWIFT_VERSION = 5.0;
				TARGETED_DEVICE_FAMILY = "1,2";
			};
			name = Debug;
		};
		6F3C58D52E81A60300D362D9 /* Release */ = {
			isa = XCBuildConfiguration;
			buildSettings = {
				ASSETCATALOG_COMPILER_APPICON_NAME = AppIcon;
				ASSETCATALOG_COMPILER_GLOBAL_ACCENT_COLOR_NAME = AccentColor;
				CODE_SIGN_ENTITLEMENTS = Prixio/Prixio.entitlements;
				CODE_SIGN_STYLE = Automatic;
				CURRENT_PROJECT_VERSION = 1;
				DEVELOPMENT_TEAM = U4R9TJ5FN4;
				ENABLE_PREVIEWS = YES;
				GENERATE_INFOPLIST_FILE = YES;
				INFOPLIST_FILE = Prixio/Info.plist;
				INFOPLIST_KEY_LSApplicationCategoryType = "";
				INFOPLIST_KEY_NSCameraUsageDescription = "Prixio uses the camera to capture price tags for OCR and price logging.";
				INFOPLIST_KEY_NSLocationAlwaysAndWhenInUseUsageDescription = "To Know where the items are";
				INFOPLIST_KEY_NSLocationWhenInUseUsageDescription = "Prixio uses your location to suggest nearby grocery stores while scanning.";
				INFOPLIST_KEY_NSPhotoLibraryAddUsageDescription = "Prixio can save a scanned price-tag photo to your library so you can reference it later.";
				INFOPLIST_KEY_NSPhotoLibraryUsageDescription = "Prixio can import a photo if the camera is unavailable or you want to scan an existing image.";
				INFOPLIST_KEY_UIApplicationSceneManifest_Generation = YES;
				INFOPLIST_KEY_UIApplicationSupportsIndirectInputEvents = YES;
				INFOPLIST_KEY_UILaunchScreen_Generation = YES;
				INFOPLIST_KEY_UISupportedInterfaceOrientations_iPad = "UIInterfaceOrientationPortrait UIInterfaceOrientationPortraitUpsideDown UIInterfaceOrientationLandscapeLeft UIInterfaceOrientationLandscapeRight";
				INFOPLIST_KEY_UISupportedInterfaceOrientations_iPhone = "UIInterfaceOrientationPortrait UIInterfaceOrientationLandscapeLeft UIInterfaceOrientationLandscapeRight";
				IPHONEOS_DEPLOYMENT_TARGET = 27.0;
				LD_RUNPATH_SEARCH_PATHS = (
					"$(inherited)",
					"@executable_path/Frameworks",
				);
				MARKETING_VERSION = 1.0;
				PRODUCT_BUNDLE_IDENTIFIER = com.pricelabel.checked.Prixio;
				PRODUCT_NAME = "$(TARGET_NAME)";
				STRING_CATALOG_GENERATE_SYMBOLS = YES;
				SWIFT_APPROACHABLE_CONCURRENCY = YES;
				SWIFT_DEFAULT_ACTOR_ISOLATION = MainActor;
				SWIFT_EMIT_LOC_STRINGS = YES;
				SWIFT_UPCOMING_FEATURE_MEMBER_IMPORT_VISIBILITY = YES;
				SWIFT_VERSION = 5.0;
				TARGETED_DEVICE_FAMILY = "1,2";
			};
			name = Release;
		};
		6F3C58D62E81A60300D362D9 /* Debug */ = {
			isa = XCBuildConfiguration;
			buildSettings = {
				ALWAYS_SEARCH_USER_PATHS = NO;
				ASSETCATALOG_COMPILER_GENERATE_SWIFT_ASSET_SYMBOL_EXTENSIONS = YES;
				CLANG_ANALYZER_NONNULL = YES;
				CLANG_ANALYZER_NUMBER_OBJECT_CONVERSION = YES_AGGRESSIVE;
				CLANG_CXX_LANGUAGE_STANDARD = "gnu++20";
				CLANG_ENABLE_MODULES = YES;
				CLANG_ENABLE_OBJC_ARC = YES;
				CLANG_ENABLE_OBJC_WEAK = YES;
				CLANG_WARN_BLOCK_CAPTURE_AUTORELEASING = YES;
				CLANG_WARN_BOOL_CONVERSION = YES;
				CLANG_WARN_COMMA = YES;
				CLANG_WARN_CONSTANT_CONVERSION = YES;
				CLANG_WARN_DEPRECATED_OBJC_IMPLEMENTATIONS = YES;
				CLANG_WARN_DIRECT_OBJC_ISA_USAGE = YES_ERROR;
				CLANG_WARN_DOCUMENTATION_COMMENTS = YES;
				CLANG_WARN_EMPTY_BODY = YES;
				CLANG_WARN_ENUM_CONVERSION = YES;
				CLANG_WARN_INFINITE_RECURSION = YES;
				CLANG_WARN_INT_CONVERSION = YES;
				CLANG_WARN_NON_LITERAL_NULL_CONVERSION = YES;
				CLANG_WARN_OBJC_IMPLICIT_RETAIN_SELF = YES;
				CLANG_WARN_OBJC_LITERAL_CONVERSION = YES;
				CLANG_WARN_OBJC_ROOT_CLASS = YES_ERROR;
				CLANG_WARN_QUOTED_INCLUDE_IN_FRAMEWORK_HEADER = YES;
				CLANG_WARN_RANGE_LOOP_ANALYSIS = YES;
				CLANG_WARN_STRICT_PROTOTYPES = YES;
				CLANG_WARN_SUSPICIOUS_MOVE = YES;
				CLANG_WARN_UNGUARDED_AVAILABILITY = YES_AGGRESSIVE;
				CLANG_WARN_UNREACHABLE_CODE = YES;
				CLANG_WARN__DUPLICATE_METHOD_MATCH = YES;
				COPY_PHASE_STRIP = NO;
				DEBUG_INFORMATION_FORMAT = dwarf;
				DEVELOPMENT_TEAM = U4R9TJ5FN4;
				ENABLE_STRICT_OBJC_MSGSEND = YES;
				ENABLE_TESTABILITY = YES;
				ENABLE_USER_SCRIPT_SANDBOXING = YES;
				GCC_C_LANGUAGE_STANDARD = gnu17;
				GCC_DYNAMIC_NO_PIC = NO;
				GCC_NO_COMMON_BLOCKS = YES;
				GCC_OPTIMIZATION_LEVEL = 0;
				GCC_PREPROCESSOR_DEFINITIONS = (
					"DEBUG=1",
					"$(inherited)",
				);
				GCC_WARN_64_TO_32_BIT_CONVERSION = YES;
				GCC_WARN_ABOUT_RETURN_TYPE = YES_ERROR;
				GCC_WARN_UNDECLARED_SELECTOR = YES;
				GCC_WARN_UNINITIALIZED_AUTOS = YES_AGGRESSIVE;
				GCC_WARN_UNUSED_FUNCTION = YES;
				GCC_WARN_UNUSED_VARIABLE = YES;
				IPHONEOS_DEPLOYMENT_TARGET = 26.0;
				LOCALIZATION_PREFERS_STRING_CATALOGS = YES;
				MTL_ENABLE_DEBUG_INFO = INCLUDE_SOURCE;
				MTL_FAST_MATH = YES;
				ONLY_ACTIVE_ARCH = YES;
				SDKROOT = iphoneos;
				SWIFT_ACTIVE_COMPILATION_CONDITIONS = "DEBUG $(inherited)";
				SWIFT_OPTIMIZATION_LEVEL = "-Onone";
			};
			name = Debug;
		};
		6F3C58D72E81A60300D362D9 /* Release */ = {
			isa = XCBuildConfiguration;
			buildSettings = {
				ALWAYS_SEARCH_USER_PATHS = NO;
				ASSETCATALOG_COMPILER_GENERATE_SWIFT_ASSET_SYMBOL_EXTENSIONS = YES;
				CLANG_ANALYZER_NONNULL = YES;
				CLANG_ANALYZER_NUMBER_OBJECT_CONVERSION = YES_AGGRESSIVE;
				CLANG_CXX_LANGUAGE_STANDARD = "gnu++20";
				CLANG_ENABLE_MODULES = YES;
				CLANG_ENABLE_OBJC_ARC = YES;
				CLANG_ENABLE_OBJC_WEAK = YES;
				CLANG_WARN_BLOCK_CAPTURE_AUTORELEASING = YES;
				CLANG_WARN_BOOL_CONVERSION = YES;
				CLANG_WARN_COMMA = YES;
				CLANG_WARN_CONSTANT_CONVERSION = YES;
				CLANG_WARN_DEPRECATED_OBJC_IMPLEMENTATIONS = YES;
				CLANG_WARN_DIRECT_OBJC_ISA_USAGE = YES_ERROR;
				CLANG_WARN_DOCUMENTATION_COMMENTS = YES;
				CLANG_WARN_EMPTY_BODY = YES;
				CLANG_WARN_ENUM_CONVERSION = YES;
				CLANG_WARN_INFINITE_RECURSION = YES;
				CLANG_WARN_INT_CONVERSION = YES;
				CLANG_WARN_NON_LITERAL_NULL_CONVERSION = YES;
				CLANG_WARN_OBJC_IMPLICIT_RETAIN_SELF = YES;
				CLANG_WARN_OBJC_LITERAL_CONVERSION = YES;
				CLANG_WARN_OBJC_ROOT_CLASS = YES_ERROR;
				CLANG_WARN_QUOTED_INCLUDE_IN_FRAMEWORK_HEADER = YES;
				CLANG_WARN_RANGE_LOOP_ANALYSIS = YES;
				CLANG_WARN_STRICT_PROTOTYPES = YES;
				CLANG_WARN_SUSPICIOUS_MOVE = YES;
				CLANG_WARN_UNGUARDED_AVAILABILITY = YES_AGGRESSIVE;
				CLANG_WARN_UNREACHABLE_CODE = YES;
				CLANG_WARN__DUPLICATE_METHOD_MATCH = YES;
				COPY_PHASE_STRIP = NO;
				DEBUG_INFORMATION_FORMAT = "dwarf-with-dsym";
				DEVELOPMENT_TEAM = U4R9TJ5FN4;
				ENABLE_NS_ASSERTIONS = NO;
				ENABLE_STRICT_OBJC_MSGSEND = YES;
				ENABLE_USER_SCRIPT_SANDBOXING = YES;
				GCC_C_LANGUAGE_STANDARD = gnu17;
				GCC_NO_COMMON_BLOCKS = YES;
				GCC_WARN_64_TO_32_BIT_CONVERSION = YES;
				GCC_WARN_ABOUT_RETURN_TYPE = YES_ERROR;
				GCC_WARN_UNDECLARED_SELECTOR = YES;
				GCC_WARN_UNINITIALIZED_AUTOS = YES_AGGRESSIVE;
				GCC_WARN_UNUSED_FUNCTION = YES;
				GCC_WARN_UNUSED_VARIABLE = YES;
				IPHONEOS_DEPLOYMENT_TARGET = 26.0;
				LOCALIZATION_PREFERS_STRING_CATALOGS = YES;
				MTL_ENABLE_DEBUG_INFO = NO;
				MTL_FAST_MATH = YES;
				SDKROOT = iphoneos;
				SWIFT_COMPILATION_MODE = wholemodule;
				VALIDATE_PRODUCT = YES;
			};
			name = Release;
		};
		6F3C58D92E81A60300D362D9 /* Debug */ = {
			isa = XCBuildConfiguration;
			buildSettings = {
				BUNDLE_LOADER = "$(TEST_HOST)";
				CODE_SIGN_STYLE = Automatic;
				CURRENT_PROJECT_VERSION = 1;
				DEVELOPMENT_TEAM = U4R9TJ5FN4;
				GENERATE_INFOPLIST_FILE = YES;
				IPHONEOS_DEPLOYMENT_TARGET = 27.0;
				MARKETING_VERSION = 1.0;
				PRODUCT_BUNDLE_IDENTIFIER = com.pricelabel.checked.PrixioTests;
				PRODUCT_NAME = "$(TARGET_NAME)";
				STRING_CATALOG_GENERATE_SYMBOLS = NO;
				SWIFT_APPROACHABLE_CONCURRENCY = YES;
				SWIFT_EMIT_LOC_STRINGS = NO;
				SWIFT_UPCOMING_FEATURE_MEMBER_IMPORT_VISIBILITY = YES;
				SWIFT_VERSION = 5.0;
				TARGETED_DEVICE_FAMILY = "1,2";
				TEST_HOST = "$(BUILT_PRODUCTS_DIR)/Prixio.app/$(BUNDLE_EXECUTABLE_FOLDER_PATH)/Prixio";
			};
			name = Debug;
		};
		6F3C58DA2E81A60300D362D9 /* Release */ = {
			isa = XCBuildConfiguration;
			buildSettings = {
				BUNDLE_LOADER = "$(TEST_HOST)";
				CODE_SIGN_STYLE = Automatic;
				CURRENT_PROJECT_VERSION = 1;
				DEVELOPMENT_TEAM = U4R9TJ5FN4;
				GENERATE_INFOPLIST_FILE = YES;
				IPHONEOS_DEPLOYMENT_TARGET = 27.0;
				MARKETING_VERSION = 1.0;
				PRODUCT_BUNDLE_IDENTIFIER = com.pricelabel.checked.PrixioTests;
				PRODUCT_NAME = "$(TARGET_NAME)";
				STRING_CATALOG_GENERATE_SYMBOLS = NO;
				SWIFT_APPROACHABLE_CONCURRENCY = YES;
				SWIFT_EMIT_LOC_STRINGS = NO;
				SWIFT_UPCOMING_FEATURE_MEMBER_IMPORT_VISIBILITY = YES;
				SWIFT_VERSION = 5.0;
				TARGETED_DEVICE_FAMILY = "1,2";
				TEST_HOST = "$(BUILT_PRODUCTS_DIR)/Prixio.app/$(BUNDLE_EXECUTABLE_FOLDER_PATH)/Prixio";
			};
			name = Release;
		};
		6F3C58DC2E81A60300D362D9 /* Debug */ = {
			isa = XCBuildConfiguration;
			buildSettings = {
				CODE_SIGN_STYLE = Automatic;
				CURRENT_PROJECT_VERSION = 1;
				DEVELOPMENT_TEAM = U4R9TJ5FN4;
				GENERATE_INFOPLIST_FILE = YES;
				IPHONEOS_DEPLOYMENT_TARGET = 27.0;
				MARKETING_VERSION = 1.0;
				PRODUCT_BUNDLE_IDENTIFIER = com.pricelabel.checked.PrixioUITests;
				PRODUCT_NAME = "$(TARGET_NAME)";
				STRING_CATALOG_GENERATE_SYMBOLS = NO;
				SWIFT_APPROACHABLE_CONCURRENCY = YES;
				SWIFT_EMIT_LOC_STRINGS = NO;
				SWIFT_UPCOMING_FEATURE_MEMBER_IMPORT_VISIBILITY = YES;
				SWIFT_VERSION = 5.0;
				TARGETED_DEVICE_FAMILY = "1,2";
				TEST_TARGET_NAME = Prixio;
			};
			name = Debug;
		};
		6F3C58DD2E81A60300D362D9 /* Release */ = {
			isa = XCBuildConfiguration;
			buildSettings = {
				CODE_SIGN_STYLE = Automatic;
				CURRENT_PROJECT_VERSION = 1;
				DEVELOPMENT_TEAM = U4R9TJ5FN4;
				GENERATE_INFOPLIST_FILE = YES;
				IPHONEOS_DEPLOYMENT_TARGET = 27.0;
				MARKETING_VERSION = 1.0;
				PRODUCT_BUNDLE_IDENTIFIER = com.pricelabel.checked.PrixioUITests;
				PRODUCT_NAME = "$(TARGET_NAME)";
				STRING_CATALOG_GENERATE_SYMBOLS = NO;
				SWIFT_APPROACHABLE_CONCURRENCY = YES;
				SWIFT_EMIT_LOC_STRINGS = NO;
				SWIFT_UPCOMING_FEATURE_MEMBER_IMPORT_VISIBILITY = YES;
				SWIFT_VERSION = 5.0;
				TARGETED_DEVICE_FAMILY = "1,2";
				TEST_TARGET_NAME = Prixio;
			};
			name = Release;
		};
/* End XCBuildConfiguration section */

/* Begin XCConfigurationList section */
		6F3C58AA2E81A60100D362D9 /* Build configuration list for PBXProject "Prixio" */ = {
			isa = XCConfigurationList;
			buildConfigurations = (
				6F3C58D62E81A60300D362D9 /* Debug */,
				6F3C58D72E81A60300D362D9 /* Release */,
			);
			defaultConfigurationIsVisible = 0;
			defaultConfigurationName = Release;
		};
		6F3C58D32E81A60300D362D9 /* Build configuration list for PBXNativeTarget "Prixio" */ = {
			isa = XCConfigurationList;
			buildConfigurations = (
				6F3C58D42E81A60300D362D9 /* Debug */,
				6F3C58D52E81A60300D362D9 /* Release */,
			);
			defaultConfigurationIsVisible = 0;
			defaultConfigurationName = Release;
		};
		6F3C58D82E81A60300D362D9 /* Build configuration list for PBXNativeTarget "PrixioTests" */ = {
			isa = XCConfigurationList;
			buildConfigurations = (
				6F3C58D92E81A60300D362D9 /* Debug */,
				6F3C58DA2E81A60300D362D9 /* Release */,
			);
			defaultConfigurationIsVisible = 0;
			defaultConfigurationName = Release;
		};
		6F3C58DB2E81A60300D362D9 /* Build configuration list for PBXNativeTarget "PrixioUITests" */ = {
			isa = XCConfigurationList;
			buildConfigurations = (
				6F3C58DC2E81A60300D362D9 /* Debug */,
				6F3C58DD2E81A60300D362D9 /* Release */,
			);
			defaultConfigurationIsVisible = 0;
			defaultConfigurationName = Release;
		};
/* End XCConfigurationList section */

/* Begin XCRemoteSwiftPackageReference section */
		6FE672242E93237900645D24 /* XCRemoteSwiftPackageReference "ios-places-sdk" */ = {
			isa = XCRemoteSwiftPackageReference;
			repositoryURL = "https://github.com/googlemaps/ios-places-sdk";
			requirement = {
				kind = upToNextMajorVersion;
				minimumVersion = 10.4.0;
			};
		};
/* End XCRemoteSwiftPackageReference section */

/* Begin XCSwiftPackageProductDependency section */
		6FE672252E93237900645D24 /* GooglePlacesSwift */ = {
			isa = XCSwiftPackageProductDependency;
			package = 6FE672242E93237900645D24 /* XCRemoteSwiftPackageReference "ios-places-sdk" */;
			productName = GooglePlacesSwift;
		};
/* End XCSwiftPackageProductDependency section */
	};
	rootObject = 6F3C58A72E81A60100D362D9 /* Project object */;
}
